{
	"name": "server",
	"lockfileVersion": 3,
	"requires": true,
	"packages": {
		"": {
			"dependencies": {
				"@callstack/licenses": "latest",
				"@scure/bip39": "latest",
				"@types/node": "latest",
				"hyperdht": "latest"
			}
		},
		"node_modules/@callstack/licenses": {
			"version": "0.3.3",
			"resolved": "https://registry.npmjs.org/@callstack/licenses/-/licenses-0.3.3.tgz",
			"integrity": "sha512-yHUCow6W6vLWw1/Qy6iARJXDZbCiaxrEtRC6vgiR8ADBBXGhr74zgHcYiTxBrymGN2CSwPOoMv1PHVynFMk5wQ==",
			"license": "MIT",
			"dependencies": {
				"glob": "^13.0.0"
			}
		},
		"node_modules/@hyperswarm/secret-stream": {
			"version": "6.9.1",
			"license": "Apache-2.0",
			"dependencies": {
				"b4a": "^1.1.0",
				"hypercore-crypto": "^3.3.1",
				"noise-curve-ed": "^2.0.1",
				"noise-handshake": "^4.0.0",
				"sodium-secretstream": "^1.1.0",
				"sodium-universal": "^5.0.0",
				"streamx": "^2.14.0",
				"timeout-refresh": "^2.0.0",
				"unslab": "^1.3.0"
			}
		},
		"node_modules/@noble/hashes": {
			"version": "2.4.0",
			"license": "MIT",
			"engines": {
				"node": ">= 20.19.0"
			},
			"funding": {
				"url": "https://paulmillr.com/funding/"
			}
		},
		"node_modules/@scure/bip39": {
			"version": "2.4.0",
			"resolved": "https://registry.npmjs.org/@scure/bip39/-/bip39-2.4.0.tgz",
			"integrity": "sha512-82dxFbZUYboyOf0AXiydsQrFQ5Q4h9mX+O2UkE91ROYmsc0BKMGZLwDmy96Jpa2+vrtoxomjUhy1RPIgH/r2nA==",
			"license": "MIT",
			"dependencies": {
				"@noble/hashes": "2.4.0"
			},
			"funding": {
				"url": "https://paulmillr.com/funding/"
			}
		},
		"node_modules/@types/node": {
			"version": "26.4.0",
			"resolved": "https://registry.npmjs.org/@types/node/-/node-26.4.0.tgz",
			"integrity": "sha512-faiGnoIrLH/V8cibOMEAZ8pMw6oXqSukl29ra4mN8GdaB2ZewzeaLj+INpV5N+Z1eKWzY+IzaIZH2EIR6YZRNQ==",
			"license": "MIT",
			"dependencies": {
				"undici-types": "~8.3.0"
			}
		},
		"node_modules/adaptive-timeout": {
			"version": "1.0.1",
			"license": "Apache-2.0",
			"dependencies": {
				"xache": "^1.2.1"
			}
		},
		"node_modules/b4a": {
			"version": "1.8.1",
			"license": "Apache-2.0",
			"peerDependencies": {
				"react-native-b4a": "*"
			},
			"peerDependenciesMeta": {
				"react-native-b4a": {
					"optional": true
				}
			}
		},
		"node_modules/balanced-match": {
			"version": "4.0.4",
			"license": "MIT",
			"engines": {
				"node": "18 || 20 || >=22"
			}
		},
		"node_modules/bare-addon-resolve": {
			"version": "1.9.6",
			"license": "Apache-2.0",
			"dependencies": {
				"bare-module-resolve": "^1.10.0",
				"bare-semver": "^1.0.0"
			},
			"peerDependencies": {
				"bare-url": "*"
			},
			"peerDependenciesMeta": {
				"bare-url": {
					"optional": true
				}
			}
		},
		"node_modules/bare-events": {
			"version": "2.8.2",
			"license": "Apache-2.0",
			"peerDependencies": {
				"bare-abort-controller": "*"
			},
			"peerDependenciesMeta": {
				"bare-abort-controller": {
					"optional": true
				}
			}
		},
		"node_modules/bare-fs": {
			"version": "4.8.1",
			"license": "Apache-2.0",
			"dependencies": {
				"bare-events": "^2.5.4",
				"bare-path": "^3.0.0",
				"bare-stream": "^2.6.4",
				"bare-url": "^2.2.2",
				"fast-fifo": "^1.3.2"
			},
			"engines": {
				"bare": ">=1.28.0"
			},
			"peerDependencies": {
				"bare-buffer": "*"
			},
			"peerDependenciesMeta": {
				"bare-buffer": {
					"optional": true
				}
			}
		},
		"node_modules/bare-module-resolve": {
			"version": "1.12.1",
			"license": "Apache-2.0",
			"dependencies": {
				"bare-semver": "^1.0.0"
			},
			"peerDependencies": {
				"bare-url": "*"
			},
			"peerDependenciesMeta": {
				"bare-url": {
					"optional": true
				}
			}
		},
		"node_modules/bare-path": {
			"version": "3.1.1",
			"license": "Apache-2.0"
		},
		"node_modules/bare-semver": {
			"version": "1.0.2",
			"license": "Apache-2.0"
		},
		"node_modules/bare-stream": {
			"version": "2.13.4",
			"license": "Apache-2.0",
			"dependencies": {
				"b4a": "^1.8.1",
				"streamx": "^2.25.0",
				"teex": "^1.0.1"
			},
			"peerDependencies": {
				"bare-abort-controller": "*",
				"bare-buffer": "*",
				"bare-events": "*"
			},
			"peerDependenciesMeta": {
				"bare-abort-controller": {
					"optional": true
				},
				"bare-buffer": {
					"optional": true
				},
				"bare-events": {
					"optional": true
				}
			}
		},
		"node_modules/bare-url": {
			"version": "2.5.2",
			"license": "Apache-2.0",
			"dependencies": {
				"bare-path": "^3.0.0"
			}
		},
		"node_modules/bits-to-bytes": {
			"version": "1.3.0",
			"license": "ISC",
			"dependencies": {
				"b4a": "^1.5.0"
			}
		},
		"node_modules/blind-relay": {
			"version": "1.4.0",
			"license": "Apache-2.0",
			"dependencies": {
				"b4a": "^1.6.4",
				"bare-events": "^2.2.0",
				"bits-to-bytes": "^1.3.0",
				"compact-encoding": "^2.12.0",
				"compact-encoding-bitfield": "^1.0.0",
				"protomux": "^3.5.1",
				"sodium-universal": "^5.0.0",
				"streamx": "^2.15.1"
			}
		},
		"node_modules/bogon": {
			"version": "1.3.0",
			"license": "MIT",
			"dependencies": {
				"compact-encoding": "^3.0.0",
				"compact-encoding-net": "^1.2.0"
			}
		},
		"node_modules/bogon/node_modules/compact-encoding": {
			"version": "3.3.2",
			"license": "Apache-2.0",
			"dependencies": {
				"b4a": "^1.3.0"
			}
		},
		"node_modules/brace-expansion": {
			"version": "5.0.9",
			"license": "MIT",
			"dependencies": {
				"balanced-match": "^4.0.2"
			},
			"engines": {
				"node": "20 || >=22"
			}
		},
		"node_modules/compact-encoding": {
			"version": "2.18.0",
			"license": "Apache-2.0",
			"dependencies": {
				"b4a": "^1.3.0"
			}
		},
		"node_modules/compact-encoding-bitfield": {
			"version": "1.0.0",
			"license": "ISC",
			"dependencies": {
				"compact-encoding": "^2.4.1"
			}
		},
		"node_modules/compact-encoding-net": {
			"version": "1.2.0",
			"license": "ISC",
			"dependencies": {
				"compact-encoding": "^2.4.1"
			}
		},
		"node_modules/dht-rpc": {
			"version": "6.24.2",
			"license": "MIT",
			"dependencies": {
				"adaptive-timeout": "^1.0.1",
				"b4a": "^1.6.1",
				"bare-events": "^2.2.0",
				"compact-encoding": "^2.11.0",
				"compact-encoding-net": "^1.2.0",
				"fast-fifo": "^1.1.0",
				"kademlia-routing-table": "^1.0.1",
				"nat-sampler": "^1.0.1",
				"sodium-universal": "^5.0.0",
				"streamx": "^2.13.2",
				"time-ordered-set": "^2.0.0",
				"udx-native": "^1.5.3"
			}
		},
		"node_modules/events-universal": {
			"version": "1.0.1",
			"license": "Apache-2.0",
			"dependencies": {
				"bare-events": "^2.7.0"
			}
		},
		"node_modules/fast-fifo": {
			"version": "1.3.2",
			"license": "MIT"
		},
		"node_modules/generate-object-property": {
			"version": "2.0.0",
			"license": "MIT",
			"dependencies": {
				"is-property": "^1.0.0"
			}
		},
		"node_modules/generate-string": {
			"version": "1.0.1",
			"license": "MIT"
		},
		"node_modules/glob": {
			"version": "13.0.6",
			"license": "BlueOak-1.0.0",
			"dependencies": {
				"minimatch": "^10.2.2",
				"minipass": "^7.1.3",
				"path-scurry": "^2.0.2"
			},
			"engines": {
				"node": "18 || 20 || >=22"
			},
			"funding": {
				"url": "https://github.com/sponsors/isaacs"
			}
		},
		"node_modules/hypercore-crypto": {
			"version": "3.6.1",
			"license": "MIT",
			"dependencies": {
				"b4a": "^1.6.6",
				"compact-encoding": "^2.15.0",
				"sodium-universal": "^5.0.0"
			}
		},
		"node_modules/hypercore-id-encoding": {
			"version": "1.3.0",
			"license": "Apache-2.0",
			"dependencies": {
				"b4a": "^1.5.3",
				"z32": "^1.0.0"
			}
		},
		"node_modules/hyperdht": {
			"version": "6.33.2",
			"resolved": "https://registry.npmjs.org/hyperdht/-/hyperdht-6.33.2.tgz",
			"integrity": "sha512-u7sj6qtHygAUNm9qjikZtqJt4Lvt4sNIVbjnV8tniqAgQXzLto/9UtlZe1G7Cz8Hl2JKxdwsEep0t+ELV4MrXQ==",
			"license": "MIT",
			"dependencies": {
				"@hyperswarm/secret-stream": "^6.6.2",
				"b4a": "^1.3.1",
				"bare-events": "^2.2.0",
				"blind-relay": "^1.3.0",
				"bogon": "^1.0.0",
				"compact-encoding": "^3.0.0",
				"dht-rpc": "^6.15.1",
				"hypercore-crypto": "^3.3.0",
				"hypercore-id-encoding": "^1.2.0",
				"hyperdht-address": "^1.0.1",
				"noise-curve-ed": "^2.0.0",
				"noise-handshake": "^4.0.0",
				"record-cache": "^1.1.1",
				"safety-catch": "^1.0.1",
				"signal-promise": "^1.0.3",
				"sodium-universal": "^5.0.1",
				"streamx": "^2.16.1",
				"unslab": "^1.3.0",
				"xache": "^1.1.0"
			},
			"bin": {
				"hyperdht": "bin.js"
			}
		},
		"node_modules/hyperdht-address": {
			"version": "1.1.1",
			"license": "Apache-2.0",
			"dependencies": {
				"compact-encoding": "^3.0.0",
				"hyperschema": "^1.20.1"
			}
		},
		"node_modules/hyperdht-address/node_modules/compact-encoding": {
			"version": "3.3.2",
			"license": "Apache-2.0",
			"dependencies": {
				"b4a": "^1.3.0"
			}
		},
		"node_modules/hyperdht/node_modules/compact-encoding": {
			"version": "3.3.2",
			"license": "Apache-2.0",
			"dependencies": {
				"b4a": "^1.3.0"
			}
		},
		"node_modules/hyperschema": {
			"version": "1.22.0",
			"license": "Apache-2.0",
			"dependencies": {
				"bare-fs": "^4.0.1",
				"compact-encoding": "^3.0.0",
				"generate-object-property": "^2.0.0",
				"generate-string": "^1.0.1"
			}
		},
		"node_modules/hyperschema/node_modules/compact-encoding": {
			"version": "3.3.2",
			"license": "Apache-2.0",
			"dependencies": {
				"b4a": "^1.3.0"
			}
		},
		"node_modules/is-property": {
			"version": "1.0.2",
			"license": "MIT"
		},
		"node_modules/kademlia-routing-table": {
			"version": "1.0.6",
			"license": "MIT",
			"dependencies": {
				"bare-events": "^2.2.0"
			}
		},
		"node_modules/lru-cache": {
			"version": "11.5.2",
			"license": "BlueOak-1.0.0",
			"engines": {
				"node": "20 || >=22"
			}
		},
		"node_modules/minimatch": {
			"version": "10.2.6",
			"license": "BlueOak-1.0.0",
			"dependencies": {
				"brace-expansion": "^5.0.8"
			},
			"engines": {
				"node": "18 || 20 || >=22"
			},
			"funding": {
				"url": "https://github.com/sponsors/isaacs"
			}
		},
		"node_modules/minipass": {
			"version": "7.1.3",
			"license": "BlueOak-1.0.0",
			"engines": {
				"node": ">=16 || 14 >=14.17"
			}
		},
		"node_modules/nanoassert": {
			"version": "2.0.0",
			"license": "ISC"
		},
		"node_modules/nat-sampler": {
			"version": "1.0.1",
			"license": "MIT"
		},
		"node_modules/noise-curve-ed": {
			"version": "2.1.0",
			"license": "ISC",
			"dependencies": {
				"b4a": "^1.1.0",
				"nanoassert": "^2.0.0",
				"sodium-universal": "^5.0.0"
			}
		},
		"node_modules/noise-handshake": {
			"version": "4.2.0",
			"license": "Apache-2.0",
			"dependencies": {
				"b4a": "^1.1.0",
				"nanoassert": "^2.0.0",
				"sodium-universal": "^5.0.0"
			}
		},
		"node_modules/path-scurry": {
			"version": "2.0.2",
			"license": "BlueOak-1.0.0",
			"dependencies": {
				"lru-cache": "^11.0.0",
				"minipass": "^7.1.2"
			},
			"engines": {
				"node": "18 || 20 || >=22"
			},
			"funding": {
				"url": "https://github.com/sponsors/isaacs"
			}
		},
		"node_modules/protomux": {
			"version": "3.10.1",
			"license": "MIT",
			"dependencies": {
				"b4a": "^1.3.1",
				"compact-encoding": "^2.5.1",
				"queue-tick": "^1.0.0",
				"safety-catch": "^1.0.1",
				"unslab": "^1.3.0"
			}
		},
		"node_modules/queue-tick": {
			"version": "1.0.1",
			"license": "MIT"
		},
		"node_modules/record-cache": {
			"version": "1.2.0",
			"license": "MIT",
			"dependencies": {
				"b4a": "^1.3.1"
			}
		},
		"node_modules/require-addon": {
			"version": "1.2.0",
			"license": "Apache-2.0",
			"dependencies": {
				"bare-addon-resolve": "^1.3.0"
			},
			"engines": {
				"bare": ">=1.10.0"
			}
		},
		"node_modules/safety-catch": {
			"version": "1.0.2",
			"license": "MIT"
		},
		"node_modules/signal-promise": {
			"version": "1.0.3",
			"license": "MIT"
		},
		"node_modules/sodium-native": {
			"version": "5.0.10",
			"license": "MIT",
			"dependencies": {
				"require-addon": "^1.1.0",
				"which-runtime": "^1.2.1"
			},
			"engines": {
				"bare": ">=1.16.0"
			}
		},
		"node_modules/sodium-secretstream": {
			"version": "1.2.0",
			"license": "MIT",
			"dependencies": {
				"b4a": "^1.1.1",
				"sodium-universal": "^5.0.0"
			}
		},
		"node_modules/sodium-universal": {
			"version": "5.0.1",
			"license": "MIT",
			"dependencies": {
				"sodium-native": "^5.0.1"
			},
			"peerDependencies": {
				"sodium-javascript": "~0.8.0"
			},
			"peerDependenciesMeta": {
				"sodium-javascript": {
					"optional": true
				}
			}
		},
		"node_modules/streamx": {
			"version": "2.28.1",
			"license": "MIT",
			"dependencies": {
				"events-universal": "^1.0.0",
				"fast-fifo": "^1.3.2",
				"text-decoder": "^1.1.0"
			}
		},
		"node_modules/teex": {
			"version": "1.0.1",
			"license": "MIT",
			"dependencies": {
				"streamx": "^2.12.5"
			}
		},
		"node_modules/text-decoder": {
			"version": "1.2.3",
			"license": "Apache-2.0",
			"dependencies": {
				"b4a": "^1.6.4"
			}
		},
		"node_modules/time-ordered-set": {
			"version": "2.0.1",
			"license": "MIT"
		},
		"node_modules/timeout-refresh": {
			"version": "2.0.1",
			"license": "MIT"
		},
		"node_modules/udx-native": {
			"version": "1.21.1",
			"resolved": "https://registry.npmjs.org/udx-native/-/udx-native-1.21.1.tgz",
			"integrity": "sha512-Z35jgnF9+4wHRaR9ulypUKOSEwNqksPxW/bJDOzNN4ERyVxzhPOvokjY3Zoi7B+rnD/LLXDYGiPMnPUxXL961g==",
			"license": "Apache-2.0",
			"dependencies": {
				"b4a": "^1.5.0",
				"bare-events": "^2.2.0",
				"require-addon": "^1.1.0",
				"streamx": "^2.22.0"
			},
			"engines": {
				"bare": ">=1.17.4"
			}
		},
		"node_modules/undici-types": {
			"version": "8.3.0",
			"license": "MIT"
		},
		"node_modules/unslab": {
			"version": "1.3.0",
			"license": "Apache-2.0",
			"dependencies": {
				"b4a": "^1.6.6"
			}
		},
		"node_modules/which-runtime": {
			"version": "1.3.2",
			"license": "Apache-2.0"
		},
		"node_modules/xache": {
			"version": "1.2.1",
			"license": "MIT"
		},
		"node_modules/z32": {
			"version": "1.1.0",
			"license": "MIT",
			"dependencies": {
				"b4a": "^1.5.3"
			}
		}
	}
}
